
Microsoft Visual Studio Solution File, Format Version 11.00
# Visual Studio 2010
Project("{8BC9CEB8-8B4A-11D0-8D11-00A0C91BC942}") = "ipb", "ipb\ipb.vcxproj", "{33AF1B61-5E3C-4C58-82CE-3760627155DC}"
EndProject
Global
	GlobalSection(SolutionConfigurationPlatforms) = preSolution
		Debug|Win32 = Debug|Win32
		Debug|x64 = Debug|x64
	EndGlobalSection
	GlobalSection(ProjectConfigurationPlatforms) = postSolution
		{33AF1B61-5E3C-4C58-82CE-3760627155DC}.Debug|Win32.ActiveCfg = Debug|Win32
		{33AF1B61-5E3C-4C58-82CE-3760627155DC}.Debug|Win32.Build.0 = Debug|Win32
		{33AF1B61-5E3C-4C58-82CE-3760627155DC}.Debug|x64.ActiveCfg = Debug|x64
		{33AF1B61-5E3C-4C58-82CE-3760627155DC}.Debug|x64.Build.0 = Debug|x64
	EndGlobalSection
	GlobalSection(SolutionProperties) = preSolution
		HideSolutionNode = FALSE
	EndGlobalSection
EndGlobal
